{
  "name": "scripts",
  "lockfileVersion": 2,
  "requires": true,
  "packages": {
    "": {
      "dependencies": {
        "@minecraft/server": "^1.2.0-beta.1.19.80-stable"
      }
    },
    "node_modules/@minecraft/server": {
      "version": "1.2.0-beta.1.19.80-stable",
      "resolved": "https://registry.npmjs.org/@minecraft/server/-/server-1.2.0-beta.1.19.80-stable.tgz",
      "integrity": "sha512-EVlPbaMWmQMJtPwCPtRMqsmWLTWzOUzUdBjDZWQ+3hM4Oi4OqoFTR22i+e0CgJ6UVHNx/xNyh5h6h0AV36pkxw=="
    }
  },
  "dependencies": {
    "@minecraft/server": {
      "version": "1.2.0-beta.1.19.80-stable",
      "resolved": "https://registry.npmjs.org/@minecraft/server/-/server-1.2.0-beta.1.19.80-stable.tgz",
      "integrity": "sha512-EVlPbaMWmQMJtPwCPtRMqsmWLTWzOUzUdBjDZWQ+3hM4Oi4OqoFTR22i+e0CgJ6UVHNx/xNyh5h6h0AV36pkxw=="
    }
  }
}
